// !$*UTF8*$!
{
	archiveVersion = 1;
	classes = {
	};
	objectVersion = 55;
	objects = {

/* Begin PBXBuildFile section */
		63EA418DC16CD51AB75BD5C8 /* Pods_VideoCropExample.framework in Frameworks */ = {isa = PBXBuildFile; fileRef = 2E92B18523401ABF5F39B104 /* Pods_VideoCropExample.framework */; };
		A7FF6630281027AE00A460B0 /* AppDelegate.swift in Sources */ = {isa = PBXBuildFile; fileRef = A7FF662F281027AE00A460B0 /* AppDelegate.swift */; };
		A7FF6632281027AE00A460B0 /* SceneDelegate.swift in Sources */ = {isa = PBXBuildFile; fileRef = A7FF6631281027AE00A460B0 /* SceneDelegate.swift */; };
		A7FF6634281027AE00A460B0 /* ViewController.swift in Sources */ = {isa = PBXBuildFile; fileRef = A7FF6633281027AE00A460B0 /* ViewController.swift */; };
		A7FF6637281027AE00A460B0 /* Main.storyboard in Resources */ = {isa = PBXBuildFile; fileRef = A7FF6635281027AE00A460B0 /* Main.storyboard */; };
		A7FF6639281027AF00A460B0 /* Assets.xcassets in Resources */ = {isa = PBXBuildFile; fileRef = A7FF6638281027AF00A460B0 /* Assets.xcassets */; };
		A7FF663C281027AF00A460B0 /* LaunchScreen.storyboard in Resources */ = {isa = PBXBuildFile; fileRef = A7FF663A281027AF00A460B0 /* LaunchScreen.storyboard */; };
		A7FF66442810407E00A460B0 /* ViewController+Delegate.swift in Sources */ = {isa = PBXBuildFile; fileRef = A7FF66432810407E00A460B0 /* ViewController+Delegate.swift */; };
		A7FF6646281041D200A460B0 /* AVAsset.swift in Sources */ = {isa = PBXBuildFile; fileRef = A7FF6645281041D200A460B0 /* AVAsset.swift */; };
		A7FF6648281042E300A460B0 /* CGAffineTransform.swift in Sources */ = {isa = PBXBuildFile; fileRef = A7FF6647281042E300A460B0 /* CGAffineTransform.swift */; };
/* End PBXBuildFile section */

/* Begin PBXFileReference section */
		091BCB426C6A4032EDA94790 /* Pods-VideoCropExample.debug.xcconfig */ = {isa = PBXFileReference; includeInIndex = 1; lastKnownFileType = text.xcconfig; name = "Pods-VideoCropExample.debug.xcconfig"; path = "Target Support Files/Pods-VideoCropExample/Pods-VideoCropExample.debug.xcconfig"; sourceTree = "<group>"; };
		2E92B18523401ABF5F39B104 /* Pods_VideoCropExample.framework */ = {isa = PBXFileReference; explicitFileType = wrapper.framework; includeInIndex = 0; path = Pods_VideoCropExample.framework; sourceTree = BUILT_PRODUCTS_DIR; };
		A7FF662C281027AE00A460B0 /* VideoCropExample.app */ = {isa = PBXFileReference; explicitFileType = wrapper.application; includeInIndex = 0; path = VideoCropExample.app; sourceTree = BUILT_PRODUCTS_DIR; };
		A7FF662F281027AE00A460B0 /* AppDelegate.swift */ = {isa = PBXFileReference; lastKnownFileType = sourcecode.swift; path = AppDelegate.swift; sourceTree = "<group>"; };
		A7FF6631281027AE00A460B0 /* SceneDelegate.swift */ = {isa = PBXFileReference; lastKnownFileType = sourcecode.swift; path = SceneDelegate.swift; sourceTree = "<group>"; };
		A7FF6633281027AE00A460B0 /* ViewController.swift */ = {isa = PBXFileReference; lastKnownFileType = sourcecode.swift; path = ViewController.swift; sourceTree = "<group>"; };
		A7FF6636281027AE00A460B0 /* Base */ = {isa = PBXFileReference; lastKnownFileType = file.storyboard; name = Base; path = Base.lproj/Main.storyboard; sourceTree = "<group>"; };
		A7FF6638281027AF00A460B0 /* Assets.xcassets */ = {isa = PBXFileReference; lastKnownFileType = folder.assetcatalog; path = Assets.xcassets; sourceTree = "<group>"; };
		A7FF663B281027AF00A460B0 /* Base */ = {isa = PBXFileReference; lastKnownFileType = file.storyboard; name = Base; path = Base.lproj/LaunchScreen.storyboard; sourceTree = "<group>"; };
		A7FF663D281027AF00A460B0 /* Info.plist */ = {isa = PBXFileReference; lastKnownFileType = text.plist.xml; path = Info.plist; sourceTree = "<group>"; };
		A7FF66432810407E00A460B0 /* ViewController+Delegate.swift */ = {isa = PBXFileReference; lastKnownFileType = sourcecode.swift; path = "ViewController+Delegate.swift"; sourceTree = "<group>"; };
		A7FF6645281041D200A460B0 /* AVAsset.swift */ = {isa = PBXFileReference; lastKnownFileType = sourcecode.swift; path = AVAsset.swift; sourceTree = "<group>"; };
		A7FF6647281042E300A460B0 /* CGAffineTransform.swift */ = {isa = PBXFileReference; lastKnownFileType = sourcecode.swift; path = CGAffineTransform.swift; sourceTree = "<group>"; };
		D9C7918B1474038FD9306241 /* Pods-VideoCropExample.release.xcconfig */ = {isa = PBXFileReference; includeInIndex = 1; lastKnownFileType = text.xcconfig; name = "Pods-VideoCropExample.release.xcconfig"; path = "Target Support Files/Pods-VideoCropExample/Pods-VideoCropExample.release.xcconfig"; sourceTree = "<group>"; };
/* End PBXFileReference section */

/* Begin PBXFrameworksBuildPhase section */
		A7FF6629281027AE00A460B0 /* Frameworks */ = {
			isa = PBXFrameworksBuildPhase;
			buildActionMask = 2147483647;
			files = (
				63EA418DC16CD51AB75BD5C8 /* Pods_VideoCropExample.framework in Frameworks */,
			);
			runOnlyForDeploymentPostprocessing = 0;
		};
/* End PBXFrameworksBuildPhase section */

/* Begin PBXGroup section */
		75CF0B91EFEBB872B7F19017 /* Pods */ = {
			isa = PBXGroup;
			children = (
				091BCB426C6A4032EDA94790 /* Pods-VideoCropExample.debug.xcconfig */,
				D9C7918B1474038FD9306241 /* Pods-VideoCropExample.release.xcconfig */,
			);
			path = Pods;
			sourceTree = "<group>";
		};
		94A09764B2FE980476947076 /* Frameworks */ = {
			isa = PBXGroup;
			children = (
				2E92B18523401ABF5F39B104 /* Pods_VideoCropExample.framework */,
			);
			name = Frameworks;
			sourceTree = "<group>";
		};
		A7FF6623281027AE00A460B0 = {
			isa = PBXGroup;
			children = (
				A7FF662E281027AE00A460B0 /* VideoCropExample */,
				A7FF662D281027AE00A460B0 /* Products */,
				75CF0B91EFEBB872B7F19017 /* Pods */,
				94A09764B2FE980476947076 /* Frameworks */,
			);
			sourceTree = "<group>";
		};
		A7FF662D281027AE00A460B0 /* Products */ = {
			isa = PBXGroup;
			children = (
				A7FF662C281027AE00A460B0 /* VideoCropExample.app */,
			);
			name = Products;
			sourceTree = "<group>";
		};
		A7FF662E281027AE00A460B0 /* VideoCropExample */ = {
			isa = PBXGroup;
			children = (
				A7FF662F281027AE00A460B0 /* AppDelegate.swift */,
				A7FF6631281027AE00A460B0 /* SceneDelegate.swift */,
				A7FF6645281041D200A460B0 /* AVAsset.swift */,
				A7FF6647281042E300A460B0 /* CGAffineTransform.swift */,
				A7FF6633281027AE00A460B0 /* ViewController.swift */,
				A7FF66432810407E00A460B0 /* ViewController+Delegate.swift */,
				A7FF6635281027AE00A460B0 /* Main.storyboard */,
				A7FF6638281027AF00A460B0 /* Assets.xcassets */,
				A7FF663A281027AF00A460B0 /* LaunchScreen.storyboard */,
				A7FF663D281027AF00A460B0 /* Info.plist */,
			);
			path = VideoCropExample;
			sourceTree = "<group>";
		};
/* End PBXGroup section */

/* Begin PBXNativeTarget section */
		A7FF662B281027AE00A460B0 /* VideoCropExample */ = {
			isa = PBXNativeTarget;
			buildConfigurationList = A7FF6640281027AF00A460B0 /* Build configuration list for PBXNativeTarget "VideoCropExample" */;
			buildPhases = (
				D2FF864DF383C50FA7B56461 /* [CP] Check Pods Manifest.lock */,
				A7FF6628281027AE00A460B0 /* Sources */,
				A7FF6629281027AE00A460B0 /* Frameworks */,
				A7FF662A281027AE00A460B0 /* Resources */,
				05AFB1B3C2B68FFE0382A0F4 /* [CP] Embed Pods Frameworks */,
			);
			buildRules = (
			);
			dependencies = (
			);
			name = VideoCropExample;
			productName = VideoCropExample;
			productReference = A7FF662C281027AE00A460B0 /* VideoCropExample.app */;
			productType = "com.apple.product-type.application";
		};
/* End PBXNativeTarget section */

/* Begin PBXProject section */
		A7FF6624281027AE00A460B0 /* Project object */ = {
			isa = PBXProject;
			attributes = {
				BuildIndependentTargetsInParallel = 1;
				LastSwiftUpdateCheck = 1330;
				LastUpgradeCheck = 1330;
				TargetAttributes = {
					A7FF662B281027AE00A460B0 = {
						CreatedOnToolsVersion = 13.3;
					};
				};
			};
			buildConfigurationList = A7FF6627281027AE00A460B0 /* Build configuration list for PBXProject "VideoCropExample" */;
			compatibilityVersion = "Xcode 13.0";
			developmentRegion = en;
			hasScannedForEncodings = 0;
			knownRegions = (
				en,
				Base,
			);
			mainGroup = A7FF6623281027AE00A460B0;
			productRefGroup = A7FF662D281027AE00A460B0 /* Products */;
			projectDirPath = "";
			projectRoot = "";
			targets = (
				A7FF662B281027AE00A460B0 /* VideoCropExample */,
			);
		};
/* End PBXProject section */

/* Begin PBXResourcesBuildPhase section */
		A7FF662A281027AE00A460B0 /* Resources */ = {
			isa = PBXResourcesBuildPhase;
			buildActionMask = 2147483647;
			files = (
				A7FF663C281027AF00A460B0 /* LaunchScreen.storyboard in Resources */,
				A7FF6639281027AF00A460B0 /* Assets.xcassets in Resources */,
				A7FF6637281027AE00A460B0 /* Main.storyboard in Resources */,
			);
			runOnlyForDeploymentPostprocessing = 0;
		};
/* End PBXResourcesBuildPhase section */

/* Begin PBXShellScriptBuildPhase section */
		05AFB1B3C2B68FFE0382A0F4 /* [CP] Embed Pods Frameworks */ = {
			isa = PBXShellScriptBuildPhase;
			buildActionMask = 2147483647;
			files = (
			);
			inputFileListPaths = (
				"${PODS_ROOT}/Target Support Files/Pods-VideoCropExample/Pods-VideoCropExample-frameworks-${CONFIGURATION}-input-files.xcfilelist",
			);
			name = "[CP] Embed Pods Frameworks";
			outputFileListPaths = (
				"${PODS_ROOT}/Target Support Files/Pods-VideoCropExample/Pods-VideoCropExample-frameworks-${CONFIGURATION}-output-files.xcfilelist",
			);
			runOnlyForDeploymentPostprocessing = 0;
			shellPath = /bin/sh;
			shellScript = "\"${PODS_ROOT}/Target Support Files/Pods-VideoCropExample/Pods-VideoCropExample-frameworks.sh\"\n";
			showEnvVarsInLog = 0;
		};
		D2FF864DF383C50FA7B56461 /* [CP] Check Pods Manifest.lock */ = {
			isa = PBXShellScriptBuildPhase;
			buildActionMask = 2147483647;
			files = (
			);
			inputFileListPaths = (
			);
			inputPaths = (
				"${PODS_PODFILE_DIR_PATH}/Podfile.lock",
				"${PODS_ROOT}/Manifest.lock",
			);
			name = "[CP] Check Pods Manifest.lock";
			outputFileListPaths = (
			);
			outputPaths = (
				"$(DERIVED_FILE_DIR)/Pods-VideoCropExample-checkManifestLockResult.txt",
			);
			runOnlyForDeploymentPostprocessing = 0;
			shellPath = /bin/sh;
			shellScript = "diff \"${PODS_PODFILE_DIR_PATH}/Podfile.lock\" \"${PODS_ROOT}/Manifest.lock\" > /dev/null\nif [ $? != 0 ] ; then\n    # print error to STDERR\n    echo \"error: The sandbox is not in sync with the Podfile.lock. Run 'pod install' or update your CocoaPods installation.\" >&2\n    exit 1\nfi\n# This output is used by Xcode 'outputs' to avoid re-running this script phase.\necho \"SUCCESS\" > \"${SCRIPT_OUTPUT_FILE_0}\"\n";
			showEnvVarsInLog = 0;
		};
/* End PBXShellScriptBuildPhase section */

/* Begin PBXSourcesBuildPhase section */
		A7FF6628281027AE00A460B0 /* Sources */ = {
			isa = PBXSourcesBuildPhase;
			buildActionMask = 2147483647;
			files = (
				A7FF6634281027AE00A460B0 /* ViewController.swift in Sources */,
				A7FF66442810407E00A460B0 /* ViewController+Delegate.swift in Sources */,
				A7FF6630281027AE00A460B0 /* AppDelegate.swift in Sources */,
				A7FF6648281042E300A460B0 /* CGAffineTransform.swift in Sources */,
				A7FF6632281027AE00A460B0 /* SceneDelegate.swift in Sources */,
				A7FF6646281041D200A460B0 /* AVAsset.swift in Sources */,
			);
			runOnlyForDeploymentPostprocessing = 0;
		};
/* End PBXSourcesBuildPhase section */

/* Begin PBXVariantGroup section */
		A7FF6635281027AE00A460B0 /* Main.storyboard */ = {
			isa = PBXVariantGroup;
			children = (
				A7FF6636281027AE00A460B0 /* Base */,
			);
			name = Main.storyboard;
			sourceTree = "<group>";
		};
		A7FF663A281027AF00A460B0 /* LaunchScreen.storyboard */ = {
			isa = PBXVariantGroup;
			children = (
				A7FF663B281027AF00A460B0 /* Base */,
			);
			name = LaunchScreen.storyboard;
			sourceTree = "<group>";
		};
/* End PBXVariantGroup section */

/* Begin XCBuildConfiguration section */
		A7FF663E281027AF00A460B0 /* Debug */ = {
			isa = XCBuildConfiguration;
			buildSettings = {
				ALWAYS_SEARCH_USER_PATHS = NO;
				CLANG_ANALYZER_NONNULL = YES;
				CLANG_ANALYZER_NUMBER_OBJECT_CONVERSION = YES_AGGRESSIVE;
				CLANG_CXX_LANGUAGE_STANDARD = "gnu++17";
				CLANG_ENABLE_MODULES = YES;
				CLANG_ENABLE_OBJC_ARC = YES;
				CLANG_ENABLE_OBJC_WEAK = YES;
				CLANG_WARN_BLOCK_CAPTURE_AUTORELEASING = YES;
				CLANG_WARN_BOOL_CONVERSION = YES;
				CLANG_WARN_COMMA = YES;
				CLANG_WARN_CONSTANT_CONVERSION = YES;
				CLANG_WARN_DEPRECATED_OBJC_IMPLEMENTATIONS = YES;
				CLANG_WARN_DIRECT_OBJC_ISA_USAGE = YES_ERROR;
				CLANG_WARN_DOCUMENTATION_COMMENTS = YES;
				CLANG_WARN_EMPTY_BODY = YES;
				CLANG_WARN_ENUM_CONVERSION = YES;
				CLANG_WARN_INFINITE_RECURSION = YES;
				CLANG_WARN_INT_CONVERSION = YES;
				CLANG_WARN_NON_LITERAL_NULL_CONVERSION = YES;
				CLANG_WARN_OBJC_IMPLICIT_RETAIN_SELF = YES;
				CLANG_WARN_OBJC_LITERAL_CONVERSION = YES;
				CLANG_WARN_OBJC_ROOT_CLASS = YES_ERROR;
				CLANG_WARN_QUOTED_INCLUDE_IN_FRAMEWORK_HEADER = YES;
				CLANG_WARN_RANGE_LOOP_ANALYSIS = YES;
				CLANG_WARN_STRICT_PROTOTYPES = YES;
				CLANG_WARN_SUSPICIOUS_MOVE = YES;
				CLANG_WARN_UNGUARDED_AVAILABILITY = YES_AGGRESSIVE;
				CLANG_WARN_UNREACHABLE_CODE = YES;
				CLANG_WARN__DUPLICATE_METHOD_MATCH = YES;
				COPY_PHASE_STRIP = NO;
				DEBUG_INFORMATION_FORMAT = dwarf;
				ENABLE_STRICT_OBJC_MSGSEND = YES;
				ENABLE_TESTABILITY = YES;
				GCC_C_LANGUAGE_STANDARD = gnu11;
				GCC_DYNAMIC_NO_PIC = NO;
				GCC_NO_COMMON_BLOCKS = YES;
				GCC_OPTIMIZATION_LEVEL = 0;
				GCC_PREPROCESSOR_DEFINITIONS = (
					"DEBUG=1",
					"$(inherited)",
				);
				GCC_WARN_64_TO_32_BIT_CONVERSION = YES;
				GCC_WARN_ABOUT_RETURN_TYPE = YES_ERROR;
				GCC_WARN_UNDECLARED_SELECTOR = YES;
				GCC_WARN_UNINITIALIZED_AUTOS = YES_AGGRESSIVE;
				GCC_WARN_UNUSED_FUNCTION = YES;
				GCC_WARN_UNUSED_VARIABLE = YES;
				IPHONEOS_DEPLOYMENT_TARGET = 15.4;
				MTL_ENABLE_DEBUG_INFO = INCLUDE_SOURCE;
				MTL_FAST_MATH = YES;
				ONLY_ACTIVE_ARCH = YES;
				SDKROOT = iphoneos;
				SWIFT_ACTIVE_COMPILATION_CONDITIONS = DEBUG;
				SWIFT_OPTIMIZATION_LEVEL = "-Onone";
			};
			name = Debug;
		};
		A7FF663F281027AF00A460B0 /* Release */ = {
			isa = XCBuildConfiguration;
			buildSettings = {
				ALWAYS_SEARCH_USER_PATHS = NO;
				CLANG_ANALYZER_NONNULL = YES;
				CLANG_ANALYZER_NUMBER_OBJECT_CONVERSION = YES_AGGRESSIVE;
				CLANG_CXX_LANGUAGE_STANDARD = "gnu++17";
				CLANG_ENABLE_MODULES = YES;
				CLANG_ENABLE_OBJC_ARC = YES;
				CLANG_ENABLE_OBJC_WEAK = YES;
				CLANG_WARN_BLOCK_CAPTURE_AUTORELEASING = YES;
				CLANG_WARN_BOOL_CONVERSION = YES;
				CLANG_WARN_COMMA = YES;
				CLANG_WARN_CONSTANT_CONVERSION = YES;
				CLANG_WARN_DEPRECATED_OBJC_IMPLEMENTATIONS = YES;
				CLANG_WARN_DIRECT_OBJC_ISA_USAGE = YES_ERROR;
				CLANG_WARN_DOCUMENTATION_COMMENTS = YES;
				CLANG_WARN_EMPTY_BODY = YES;
				CLANG_WARN_ENUM_CONVERSION = YES;
				CLANG_WARN_INFINITE_RECURSION = YES;
				CLANG_WARN_INT_CONVERSION = YES;
				CLANG_WARN_NON_LITERAL_NULL_CONVERSION = YES;
				CLANG_WARN_OBJC_IMPLICIT_RETAIN_SELF = YES;
				CLANG_WARN_OBJC_LITERAL_CONVERSION = YES;
				CLANG_WARN_OBJC_ROOT_CLASS = YES_ERROR;
				CLANG_WARN_QUOTED_INCLUDE_IN_FRAMEWORK_HEADER = YES;
				CLANG_WARN_RANGE_LOOP_ANALYSIS = YES;
				CLANG_WARN_STRICT_PROTOTYPES = YES;
				CLANG_WARN_SUSPICIOUS_MOVE = YES;
				CLANG_WARN_UNGUARDED_AVAILABILITY = YES_AGGRESSIVE;
				CLANG_WARN_UNREACHABLE_CODE = YES;
				CLANG_WARN__DUPLICATE_METHOD_MATCH = YES;
				COPY_PHASE_STRIP = NO;
				DEBUG_INFORMATION_FORMAT = "dwarf-with-dsym";
				ENABLE_NS_ASSERTIONS = NO;
				ENABLE_STRICT_OBJC_MSGSEND = YES;
				GCC_C_LANGUAGE_STANDARD = gnu11;
				GCC_NO_COMMON_BLOCKS = YES;
				GCC_WARN_64_TO_32_BIT_CONVERSION = YES;
				GCC_WARN_ABOUT_RETURN_TYPE = YES_ERROR;
				GCC_WARN_UNDECLARED_SELECTOR = YES;
				GCC_WARN_UNINITIALIZED_AUTOS = YES_AGGRESSIVE;
				GCC_WARN_UNUSED_FUNCTION = YES;
				GCC_WARN_UNUSED_VARIABLE = YES;
				IPHONEOS_DEPLOYMENT_TARGET = 15.4;
				MTL_ENABLE_DEBUG_INFO = NO;
				MTL_FAST_MATH = YES;
				SDKROOT = iphoneos;
				SWIFT_COMPILATION_MODE = wholemodule;
				SWIFT_OPTIMIZATION_LEVEL = "-O";
				VALIDATE_PRODUCT = YES;
			};
			name = Release;
		};
		A7FF6641281027AF00A460B0 /* Debug */ = {
			isa = XCBuildConfiguration;
			baseConfigurationReference = 091BCB426C6A4032EDA94790 /* Pods-VideoCropExample.debug.xcconfig */;
			buildSettings = {
				ASSETCATALOG_COMPILER_APPICON_NAME = AppIcon;
				ASSETCATALOG_COMPILER_GLOBAL_ACCENT_COLOR_NAME = AccentColor;
				CODE_SIGN_STYLE = Automatic;
				CURRENT_PROJECT_VERSION = 1;
				DEVELOPMENT_TEAM = W4YB8M4L9P;
				GENERATE_INFOPLIST_FILE = YES;
				INFOPLIST_FILE = VideoCropExample/Info.plist;
				INFOPLIST_KEY_UIApplicationSupportsIndirectInputEvents = YES;
				INFOPLIST_KEY_UILaunchStoryboardName = LaunchScreen;
				INFOPLIST_KEY_UIMainStoryboardFile = Main;
				INFOPLIST_KEY_UISupportedInterfaceOrientations_iPad = "UIInterfaceOrientationPortrait UIInterfaceOrientationPortraitUpsideDown UIInterfaceOrientationLandscapeLeft UIInterfaceOrientationLandscapeRight";
				INFOPLIST_KEY_UISupportedInterfaceOrientations_iPhone = "UIInterfaceOrientationPortrait UIInterfaceOrientationLandscapeLeft UIInterfaceOrientationLandscapeRight";
				LD_RUNPATH_SEARCH_PATHS = (
					"$(inherited)",
					"@executable_path/Frameworks",
				);
				MARKETING_VERSION = 1.0;
				PRODUCT_BUNDLE_IDENTIFIER = com.chauhan130.test;
				PRODUCT_NAME = "$(TARGET_NAME)";
				SWIFT_EMIT_LOC_STRINGS = YES;
				SWIFT_VERSION = 5.0;
				TARGETED_DEVICE_FAMILY = "1,2";
			};
			name = Debug;
		};
		A7FF6642281027AF00A460B0 /* Release */ = {
			isa = XCBuildConfiguration;
			baseConfigurationReference = D9C7918B1474038FD9306241 /* Pods-VideoCropExample.release.xcconfig */;
			buildSettings = {
				ASSETCATALOG_COMPILER_APPICON_NAME = AppIcon;
				ASSETCATALOG_COMPILER_GLOBAL_ACCENT_COLOR_NAME = AccentColor;
				CODE_SIGN_STYLE = Automatic;
				CURRENT_PROJECT_VERSION = 1;
				DEVELOPMENT_TEAM = W4YB8M4L9P;
				GENERATE_INFOPLIST_FILE = YES;
				INFOPLIST_FILE = VideoCropExample/Info.plist;
				INFOPLIST_KEY_UIApplicationSupportsIndirectInputEvents = YES;
				INFOPLIST_KEY_UILaunchStoryboardName = LaunchScreen;
				INFOPLIST_KEY_UIMainStoryboardFile = Main;
				INFOPLIST_KEY_UISupportedInterfaceOrientations_iPad = "UIInterfaceOrientationPortrait UIInterfaceOrientationPortraitUpsideDown UIInterfaceOrientationLandscapeLeft UIInterfaceOrientationLandscapeRight";
				INFOPLIST_KEY_UISupportedInterfaceOrientations_iPhone = "UIInterfaceOrientationPortrait UIInterfaceOrientationLandscapeLeft UIInterfaceOrientationLandscapeRight";
				LD_RUNPATH_SEARCH_PATHS = (
					"$(inherited)",
					"@executable_path/Frameworks",
				);
				MARKETING_VERSION = 1.0;
				PRODUCT_BUNDLE_IDENTIFIER = com.chauhan130.test;
				PRODUCT_NAME = "$(TARGET_NAME)";
				SWIFT_EMIT_LOC_STRINGS = YES;
				SWIFT_VERSION = 5.0;
				TARGETED_DEVICE_FAMILY = "1,2";
			};
			name = Release;
		};
/* End XCBuildConfiguration section */

/* Begin XCConfigurationList section */
		A7FF6627281027AE00A460B0 /* Build configuration list for PBXProject "VideoCropExample" */ = {
			isa = XCConfigurationList;
			buildConfigurations = (
				A7FF663E281027AF00A460B0 /* Debug */,
				A7FF663F281027AF00A460B0 /* Release */,
			);
			defaultConfigurationIsVisible = 0;
			defaultConfigurationName = Release;
		};
		A7FF6640281027AF00A460B0 /* Build configuration list for PBXNativeTarget "VideoCropExample" */ = {
			isa = XCConfigurationList;
			buildConfigurations = (
				A7FF6641281027AF00A460B0 /* Debug */,
				A7FF6642281027AF00A460B0 /* Release */,
			);
			defaultConfigurationIsVisible = 0;
			defaultConfigurationName = Release;
		};
/* End XCConfigurationList section */
	};
	rootObject = A7FF6624281027AE00A460B0 /* Project object */;
}
